lockfileVersion: '9.0'

settings:
  autoInstallPeers: true
  excludeLinksFromLockfile: false

importers:

  .:
    dependencies:
      '@kunalabs-io/sui-snap-wallet':
        specifier: ^0.4.3
        version: 0.4.3(bufferutil@4.0.9)(typescript@5.8.3)(utf-8-validate@5.0.10)
      '@multiplechain/types':
        specifier: ^0.1.67
        version: 0.1.70
      '@multiplechain/utils':
        specifier: ^0.1.21
        version: 0.1.23(bufferutil@4.0.9)(utf-8-validate@5.0.10)
      '@mysten/sui':
        specifier: ^1.28.2
        version: 1.28.2(typescript@5.8.3)
      '@mysten/wallet-standard':
        specifier: ^0.14.7
        version: 0.14.7(typescript@5.8.3)
      '@suiet/wallet-sdk':
        specifier: ^0.3.3
        version: 0.3.3(@mysten/sui@1.28.2(typescript@5.8.3))(typescript@5.8.3)

packages:

  '@0no-co/graphql.web@1.1.2':
    resolution: {integrity: sha512-N2NGsU5FLBhT8NZ+3l2YrzZSHITjNXNuDhC4iDiikv0IujaJ0Xc6xIxQZ/Ek3Cb+rgPjnLHYyJm11tInuJn+cw==}
    peerDependencies:
      graphql: ^14.0.0 || ^15.0.0 || ^16.0.0
    peerDependenciesMeta:
      graphql:
        optional: true

  '@0no-co/graphqlsp@1.12.16':
    resolution: {integrity: sha512-B5pyYVH93Etv7xjT6IfB7QtMBdaaC07yjbhN6v8H7KgFStMkPvi+oWYBTibMFRMY89qwc9H8YixXg8SXDVgYWw==}
    peerDependencies:
      graphql: ^15.5.0 || ^16.0.0 || ^17.0.0
      typescript: ^5.0.0

  '@ethereumjs/common@3.2.0':
    resolution: {integrity: sha512-pksvzI0VyLgmuEF2FA/JR/4/y6hcPq8OUail3/AvycBaW1d5VSauOZzqGvJ3RTmR4MU35lWE8KseKOsEhrFRBA==}

  '@ethereumjs/rlp@4.0.1':
    resolution: {integrity: sha512-tqsQiBQDQdmPWE1xkkBq4rlSW5QZpLOUJ5RJh2/9fug+q9tnUhuZoVLk7s0scUIKTOzEtR72DFBXI4WiZcMpvw==}
    engines: {node: '>=14'}
    hasBin: true

  '@ethereumjs/tx@4.2.0':
    resolution: {integrity: sha512-1nc6VO4jtFd172BbSnTnDQVr9IYBFl1y4xPzZdtkrkKIncBCkdbgfdRV+MiTkJYAtTxvV12GRZLqBFT1PNK6Yw==}
    engines: {node: '>=14'}

  '@ethereumjs/util@8.1.0':
    resolution: {integrity: sha512-zQ0IqbdX8FZ9aw11vP+dZkKDkS+kgIvQPHnSAXzP9pLu+Rfu3D3XEeLbicvoXJTYnhZiPmsZUxgdzXwNKxRPbA==}
    engines: {node: '>=14'}

  '@gql.tada/cli-utils@1.6.3':
    resolution: {integrity: sha512-jFFSY8OxYeBxdKi58UzeMXG1tdm4FVjXa8WHIi66Gzu9JWtCE6mqom3a8xkmSw+mVaybFW5EN2WXf1WztJVNyQ==}
    peerDependencies:
      '@0no-co/graphqlsp': ^1.12.13
      '@gql.tada/svelte-support': 1.0.1
      '@gql.tada/vue-support': 1.0.1
      graphql: ^15.5.0 || ^16.0.0 || ^17.0.0
      typescript: ^5.0.0
    peerDependenciesMeta:
      '@gql.tada/svelte-support':
        optional: true
      '@gql.tada/vue-support':
        optional: true

  '@gql.tada/internal@1.0.8':
    resolution: {integrity: sha512-XYdxJhtHC5WtZfdDqtKjcQ4d7R1s0d1rnlSs3OcBEUbYiPoJJfZU7tWsVXuv047Z6msvmr4ompJ7eLSK5Km57g==}
    peerDependencies:
      graphql: ^15.5.0 || ^16.0.0 || ^17.0.0
      typescript: ^5.0.0

  '@graphql-typed-document-node/core@3.2.0':
    resolution: {integrity: sha512-mB9oAsNCm9aM3/SOv4YtBMqZbYj10R7dkq8byBqxGY/ncFwhf2oQzMV+LCRlWoDSEBJ3COiR1yeDvMtsoOsuFQ==}
    peerDependencies:
      graphql: ^0.8.0 || ^0.9.0 || ^0.10.0 || ^0.11.0 || ^0.12.0 || ^0.13.0 || ^14.0.0 || ^15.0.0 || ^16.0.0 || ^17.0.0

  '@kunalabs-io/sui-snap-wallet@0.4.3':
    resolution: {integrity: sha512-cmSbuxTwwif0jmh5M/famqiG/A7hF6TokUXcy6/VA46Wun8pix9839JVr+vp1iLh5T3PvG+KgchSEgJ9vn5Usg==}

  '@metamask/detect-provider@2.0.0':
    resolution: {integrity: sha512-sFpN+TX13E9fdBDh9lvQeZdJn4qYoRb/6QF2oZZK/Pn559IhCFacPMU1rMuqyXoFQF3JSJfii2l98B87QDPeCQ==}
    engines: {node: '>=14.0.0'}

  '@metamask/json-rpc-engine@7.3.3':
    resolution: {integrity: sha512-dwZPq8wx9yV3IX2caLi9q9xZBw2XeIoYqdyihDDDpuHVCEiqadJLwqM3zy+uwf6F1QYQ65A8aOMQg1Uw7LMLNg==}
    engines: {node: '>=16.0.0'}

  '@metamask/json-rpc-middleware-stream@6.0.2':
    resolution: {integrity: sha512-jtyx3PRfc1kqoLpYveIVQNwsxYKefc64/LCl9h9Da1m3nUKEvypbYuXSIwi237qvOjKmNHQKsDOZg6f4uBf62Q==}
    engines: {node: '>=16.0.0'}

  '@metamask/object-multiplex@2.1.0':
    resolution: {integrity: sha512-4vKIiv0DQxljcXwfpnbsXcfa5glMj5Zg9mqn4xpIWqkv6uJ2ma5/GtUfLFSxhlxnR8asRMv8dDmWya1Tc1sDFA==}
    engines: {node: ^16.20 || ^18.16 || >=20}

  '@metamask/providers@15.0.0':
    resolution: {integrity: sha512-FXvL1NQNl6I7fMOJTfQYcBlBZ33vSlm6w80cMpmn8sJh0Lb7wcBpe02UwBsNlARnI+Qsr26XeDs6WHUHQh8CuA==}
    engines: {node: ^18.18 || >=20}

  '@metamask/rpc-errors@6.4.0':
    resolution: {integrity: sha512-1ugFO1UoirU2esS3juZanS/Fo8C8XYocCuBpfZI5N7ECtoG+zu0wF+uWZASik6CkO6w9n/Iebt4iI4pT0vptpg==}
    engines: {node: '>=16.0.0'}

  '@metamask/safe-event-emitter@3.1.2':
    resolution: {integrity: sha512-5yb2gMI1BDm0JybZezeoX/3XhPDOtTbcFvpTXM9kxsoZjPZFh4XciqRbpD6N86HYZqWDhEaKUDuOyR0sQHEjMA==}
    engines: {node: '>=12.0.0'}

  '@metamask/superstruct@3.2.1':
    resolution: {integrity: sha512-fLgJnDOXFmuVlB38rUN5SmU7hAFQcCjrg3Vrxz67KTY7YHFnSNEKvX4avmEBdOI0yTCxZjwMCFEqsC8k2+Wd3g==}
    engines: {node: '>=16.0.0'}

  '@metamask/utils@8.5.0':
    resolution: {integrity: sha512-I6bkduevXb72TIM9q2LRO63JSsF9EXduh3sBr9oybNX2hNNpr/j1tEjXrsG0Uabm4MJ1xkGAQEMwifvKZIkyxQ==}
    engines: {node: '>=16.0.0'}

  '@metamask/utils@9.3.0':
    resolution: {integrity: sha512-w8CVbdkDrVXFJbfBSlDfafDR6BAkpDmv1bC1UJVCoVny5tW2RKAdn9i68Xf7asYT4TnUhl/hN4zfUiKQq9II4g==}
    engines: {node: '>=16.0.0'}

  '@multiplechain/types@0.1.70':
    resolution: {integrity: sha512-o9ovdaefDHE5gorb83avugCjeixfBXrfJkIgSEEcT549yGF8CkmG/jgZIlqXKJf8Lh0tbg4zMAAanUSxUqV1FQ==}

  '@multiplechain/utils@0.1.23':
    resolution: {integrity: sha512-6mgJiXQsElObKgX/yA8DUpQYd+BS1GKhAyLj5F/2mv9yY3boZrX8sS7ZLk+g5NX45N+BACNMxbs09TG1iFiRsA==}

  '@mysten/bcs@0.11.1':
    resolution: {integrity: sha512-xP85isNSYUCHd3O/g+TmZYmg4wK6cU8q/n/MebkIGP4CYVJZz2wU/G24xIZ3wI+0iTop4dfgA5kYrg/DQKCUzA==}

  '@mysten/bcs@0.7.3':
    resolution: {integrity: sha512-fbusBfsyc2MpTACi72H5edWJ670T84va+qn9jSPpb5BzZ+pzUM1Q0ApPrF5OT+mB1o5Ng+mxPQpBCZQkfiV2TA==}

  '@mysten/bcs@1.0.4':
    resolution: {integrity: sha512-6JoQi59GN/dVEBCNq8Rj4uOR0niDrJqDx/2gNQWXANwJakHIGH0AMniHrXP41B2dF+mZ3HVmh9Hi3otiEVQTrQ==}

  '@mysten/bcs@1.1.0':
    resolution: {integrity: sha512-yy9/1Y4d0FlRywS1+9ze/T7refCbrvwFwJIOKs9M3QBK1njbcHZp+LkVeLqBvIJA5eZ3ZCzmhQ1Xq4Sed5mEBA==}

  '@mysten/bcs@1.6.0':
    resolution: {integrity: sha512-ydDRYdIkIFCpHCcPvAkMC91fVwumjzbTgjqds0KsphDQI3jUlH3jFG5lfYNTmV6V3pkhOiRk1fupLBcsQsiszg==}

  '@mysten/sui.js@0.40.0':
    resolution: {integrity: sha512-PEGdMe+QgpIdDIpyO4/yb+CK4x3Hki+kYPbQ5n3DVsWyb2ztFwB+5oYdc7qG3QkniO1lnCrlSHqZ5mN+x3RzrQ==}
    engines: {node: '>=16'}
    deprecated: This package has been renamed to @mysten/sui, please update to use the renamed package.

  '@mysten/sui.js@0.50.1':
    resolution: {integrity: sha512-AY0wb4n6PMTRsDGygzrrTHUK/m5KwKZ4aQcN9cayiwsq2iIhfjGo7uuqMA7Y5UiqvLCoF+z7Ig14Q5qejQ/S/w==}
    engines: {node: '>=16'}
    deprecated: This package has been renamed to @mysten/sui, please update to use the renamed package.

  '@mysten/sui@1.12.0':
    resolution: {integrity: sha512-DrSyja04xyGrTGlIQKMwZ6MywxNPkjyIcDLm915Zisoy1/uIgPoHc4cx53JyiG92z/HgowTVGGCCIzH53DIYXA==}
    engines: {node: '>=18'}

  '@mysten/sui@1.28.2':
    resolution: {integrity: sha512-d+lSp3rAtuOX0taIiIv0KNILDsbmAB9koNGHBinfREraGnE9tUFW315UByuyvuZ9K53ji4i2risdtwxCQ1a8Zw==}
    engines: {node: '>=18'}

  '@mysten/sui@1.8.0':
    resolution: {integrity: sha512-iL7yztpePS/GWFZ7yiD/Pl7ciuOD2ySyogJZmLFu4WxZfiIcXJX+U/U+Egq9VHvELk8+m+Z1OvvPlNQfuowMIg==}
    engines: {node: '>=18'}

  '@mysten/utils@0.0.0':
    resolution: {integrity: sha512-KRI57Qow3E7TGqczimazwGf7+fwukdOi+6a31igSCzz0kPjAXbyK1a1gXaxeLMF8xEZ07ouW3RnsWt+EaUuHUw==}

  '@mysten/wallet-adapter-base@0.9.0':
    resolution: {integrity: sha512-Obcfd30AC0Tcyvqc9+h0vvjrRB6Td2PNWhxRlTq/hSxDY66M3XqTLgoO8wDBtz+91oga4obAYvM02m7xV7X0Zw==}
    deprecated: Wallet adapters have been deprecated in favor of the Wallet Standard. Please upgrade to the latest Wallet Kit versions.

  '@mysten/wallet-standard@0.10.3':
    resolution: {integrity: sha512-StEMbJ7YkdjxoScmOJJjt9JaNgoRLD3FgU4LGFrKFtMXOhPu1Z4WF3qgfYBr+C3UgDh+JNiDIfN9TiGeM/Ahpw==}

  '@mysten/wallet-standard@0.13.3':
    resolution: {integrity: sha512-aLxhLIM6uzsfBZ5HbOLrvw1WrzHGPzysUmiFrXRizNpclz2DqxeqngDiDq8VogKM2bXCjhF0SxSc+Bj+relp7w==}

  '@mysten/wallet-standard@0.13.7':
    resolution: {integrity: sha512-FXlqn3Gp4E7aQf33rZQfaCEUeEq9TbmkIFA7kX/Yab5SC5892XVhkLRu040eBs8Cest98jFUZ2ZJ4YWR+a7e5g==}

  '@mysten/wallet-standard@0.14.7':
    resolution: {integrity: sha512-0X97MBDdbRyobm4mLvwqMW30t5nN6njLU9roN4bcugFiQGXtcyTA6oyoFgpeXCjNGTmamNOnLwsBJ/A8Iet/jw==}

  '@mysten/wallet-standard@0.6.0':
    resolution: {integrity: sha512-xE/OijN9zIPoTjTWuxlYMHtp7kXPcAR8dDAbxOIH5h7EZCTk+G6p+SzDp8jV5magf50VcYP0cVjS4CQLx1wQuQ==}

  '@mysten/zksend@0.11.0':
    resolution: {integrity: sha512-Q44ljYpH2Om8kOu/P+gxhZjFh8HgGXM3fdvpv3u0Fh+IbZW0ypv6G2RGDwldWBXY+pYO4xVpxres8QfC4CzALQ==}

  '@noble/curves@1.4.2':
    resolution: {integrity: sha512-TavHr8qycMChk8UwMld0ZDRvatedkzWfH8IiaeGCfymOP5i0hSCozz9vHOL0nkwk7HRMlFnAiKpS2jrUmSybcw==}

  '@noble/curves@1.8.2':
    resolution: {integrity: sha512-vnI7V6lFNe0tLAuJMu+2sX+FcL14TaCWy1qiczg1VwRmPrpQCdq5ESXQMqUc2tluRNf6irBXrWbl1mGN8uaU/g==}
    engines: {node: ^14.21.3 || >=16}

  '@noble/curves@1.9.0':
    resolution: {integrity: sha512-7YDlXiNMdO1YZeH6t/kvopHHbIZzlxrCV9WLqCY6QhcXOoXiNCMDqJIglZ9Yjx5+w7Dz30TITFrlTjnRg7sKEg==}
    engines: {node: ^14.21.3 || >=16}

  '@noble/hashes@1.3.0':
    resolution: {integrity: sha512-ilHEACi9DwqJB0pw7kv+Apvh50jiiSyR/cQ3y4W7lOR5mhvn/50FLUfsnfJz0BDZtl/RR16kXvptiv6q1msYZg==}

  '@noble/hashes@1.4.0':
    resolution: {integrity: sha512-V1JJ1WTRUqHHrOSh597hURcMqVKVGL/ea3kv0gSnEdsEZ0/+VyPghM1lMNGc00z7CIQorSvbKpuJkxvuHbvdbg==}
    engines: {node: '>= 16'}

  '@noble/hashes@1.7.2':
    resolution: {integrity: sha512-biZ0NUSxyjLLqo6KxEJ1b+C2NAx0wtDoFvCaXHGgUkeHzf3Xc1xKumFKREuT7f7DARNZ/slvYUwFG6B0f2b6hQ==}
    engines: {node: ^14.21.3 || >=16}

  '@noble/hashes@1.8.0':
    resolution: {integrity: sha512-jCs9ldd7NwzpgXDIf6P3+NrHh9/sD6CQdxHyjQI+h/6rDNo88ypBxxz45UDuZHz9r3tNz7N/VInSVoVdtXEI4A==}
    engines: {node: ^14.21.3 || >=16}

  '@open-rpc/client-js@1.8.1':
    resolution: {integrity: sha512-vV+Hetl688nY/oWI9IFY0iKDrWuLdYhf7OIKI6U1DcnJV7r4gAgwRJjEr1QVYszUc0gjkHoQJzqevmXMGLyA0g==}

  '@scure/base@1.1.9':
    resolution: {integrity: sha512-8YKhl8GHiNI/pU2VMaofa2Tor7PJRAjwQLBBuilkJ9L5+13yVbC7JO/wS7piioAvPSwR3JKM1IJ/u4xQzbcXKg==}

  '@scure/base@1.2.4':
    resolution: {integrity: sha512-5Yy9czTO47mqz+/J8GM6GIId4umdCk1wc1q8rKERQulIoc8VP9pzDcghv10Tl2E7R96ZUx/PhND3ESYUQX8NuQ==}

  '@scure/bip32@1.4.0':
    resolution: {integrity: sha512-sVUpc0Vq3tXCkDGYVWGIZTRfnvu8LoTDaev7vbwh0omSvVORONr960MQWdKqJDCReIEmTj3PAr73O3aoxz7OPg==}

  '@scure/bip32@1.6.2':
    resolution: {integrity: sha512-t96EPDMbtGgtb7onKKqxRLfE5g05k7uHnHRM2xdE6BP/ZmxaLtPek4J4KfVn/90IQNrU1IOAqMgiDtUdtbe3nw==}

  '@scure/bip39@1.3.0':
    resolution: {integrity: sha512-disdg7gHuTDZtY+ZdkmLpPCk7fxZSu3gBiEGuoC1XYxv9cGx3Z6cpTggCgW6odSOOIXCiDjuGejW+aJKCY/pIQ==}

  '@scure/bip39@1.5.4':
    resolution: {integrity: sha512-TFM4ni0vKvCfBpohoh+/lY05i9gRbSwXWngAsF4CABQxoaOHijxuaZ2R6cStDQ5CHtHO9aGJTr4ksVJASRRyMA==}

  '@suchipi/femver@1.0.0':
    resolution: {integrity: sha512-bprE8+K5V+DPX7q2e2K57ImqNBdfGHDIWaGI5xHxZoxbKOuQZn4wzPiUxOAHnsUr3w3xHrWXwN7gnG/iIuEMIg==}

  '@suiet/wallet-sdk@0.3.3':
    resolution: {integrity: sha512-Mg4MdnTmQT6vnLFwP3Fo7PHEPhEb7YDF3EnIPov8ACBA5xZq4WZV0GKjFRJujm171EjSGKyIDO5T4FaQb1GFHA==}
    peerDependencies:
      '@mysten/sui': 1.12.0

  '@types/debug@4.1.12':
    resolution: {integrity: sha512-vIChWdVG3LG1SMxEvI/AK+FWJthlrqlTu7fbrlywTkkaONwk/UAGaULXRlf8vkzFBLVm0zkMdCquhL5aOjhXPQ==}

  '@types/ms@2.1.0':
    resolution: {integrity: sha512-GsCCIZDE/p3i96vtEqx+7dBUGXrc7zeSK3wwPHIaRThS+9OhWIXRqzs4d6k1SVU8g91DrNRWxWUGhp5KXQb2VA==}

  '@types/node@22.14.1':
    resolution: {integrity: sha512-u0HuPQwe/dHrItgHHpmw3N2fYCR6x4ivMNbPHRkBVP4CvN+kiRrKHWk3i8tXiO/joPwXLMYvF9TTF0eqgHIuOw==}

  '@types/ws@8.18.1':
    resolution: {integrity: sha512-ThVF6DCVhA8kUGy+aazFQ4kXQ7E1Ty7A3ypFOe0IcJV8O/M511G99AW24irKrW56Wt44yG9+ij8FaqoBGkuBXg==}

  '@wallet-standard/app@1.1.0':
    resolution: {integrity: sha512-3CijvrO9utx598kjr45hTbbeeykQrQfKmSnxeWOgU25TOEpvcipD/bYDQWIqUv1Oc6KK4YStokSMu/FBNecGUQ==}
    engines: {node: '>=16'}

  '@wallet-standard/base@1.1.0':
    resolution: {integrity: sha512-DJDQhjKmSNVLKWItoKThJS+CsJQjR9AOBOirBVT1F9YpRyC9oYHE+ZnSf8y8bxUphtKqdQMPVQ2mHohYdRvDVQ==}
    engines: {node: '>=16'}

  '@wallet-standard/core@1.0.3':
    resolution: {integrity: sha512-Jb33IIjC1wM1HoKkYD7xQ6d6PZ8EmMZvyc8R7dFgX66n/xkvksVTW04g9yLvQXrLFbcIjHrCxW6TXMhvpsAAzg==}
    engines: {node: '>=16'}

  '@wallet-standard/core@1.1.0':
    resolution: {integrity: sha512-v2W5q/NlX1qkn2q/JOXQT//pOAdrhz7+nOcO2uiH9+a0uvreL+sdWWqkhFmMcX+HEBjaibdOQMUoIfDhOGX4XA==}
    engines: {node: '>=16'}

  '@wallet-standard/errors@0.1.1':
    resolution: {integrity: sha512-V8Ju1Wvol8i/VDyQOHhjhxmMVwmKiwyxUZBnHhtiPZJTWY0U/Shb2iEWyGngYEbAkp2sGTmEeNX1tVyGR7PqNw==}
    engines: {node: '>=16'}
    hasBin: true

  '@wallet-standard/features@1.1.0':
    resolution: {integrity: sha512-hiEivWNztx73s+7iLxsuD1sOJ28xtRix58W7Xnz4XzzA/pF0+aicnWgjOdA10doVDEDZdUuZCIIqG96SFNlDUg==}
    engines: {node: '>=16'}

  '@wallet-standard/wallet@1.1.0':
    resolution: {integrity: sha512-Gt8TnSlDZpAl+RWOOAB/kuvC7RpcdWAlFbHNoi4gsXsfaWa1QCT6LBcfIYTPdOZC9OVZUDwqGuGAcqZejDmHjg==}
    engines: {node: '>=16'}

  available-typed-arrays@1.0.7:
    resolution: {integrity: sha512-wvUjBtSGN7+7SjNpq/9M2Tg350UZD3q62IFZLbRAR1bSMlCo1ZaeW+BJ+D090e4hIIZLBcTDWe4Mh4jvUDajzQ==}
    engines: {node: '>= 0.4'}

  base-x@4.0.1:
    resolution: {integrity: sha512-uAZ8x6r6S3aUM9rbHGVOIsR15U/ZSc82b3ymnCPsT45Gk1DDvhDPdIgB5MrhirZWt+5K0EEPQH985kNqZgNPFw==}

  base-x@5.0.1:
    resolution: {integrity: sha512-M7uio8Zt++eg3jPj+rHMfCC+IuygQHHCOU+IYsVtik6FWjuYpVt/+MRKcgsAMHh8mMFAwnB+Bs+mTrFiXjMzKg==}

  base64-js@1.5.1:
    resolution: {integrity: sha512-AKpaYlHn8t4SVbOHCy+b5+KKgvR4vrsD8vbvrbiQJps7fKDTkjkDry6ji0rUJjC0kzbNePLwzxq8iypo41qeWA==}

  bech32@2.0.0:
    resolution: {integrity: sha512-LcknSilhIGatDAsY1ak2I8VtGaHNhgMSYVxFrGLXv+xLHytaKZKcaUJJUE7qmBr7h33o5YQwP55pMI0xmkpJwg==}

  bignumber.js@9.3.0:
    resolution: {integrity: sha512-EM7aMFTXbptt/wZdMlBv2t8IViwQL+h6SLHosp8Yf0dqJMTnY6iL32opnAB6kAdL0SZPuvcAzFr31o0c/R3/RA==}

  bs58@5.0.0:
    resolution: {integrity: sha512-r+ihvQJvahgYT50JD05dyJNKlmmSlMoOGwn1lCcEzanPglg7TxYjioQUYehQ9mAR/+hOSd2jRc/Z2y5UxBymvQ==}

  bs58@6.0.0:
    resolution: {integrity: sha512-PD0wEnEYg6ijszw/u8s+iI3H17cTymlrwkKhDhPZq+Sokl3AU4htyBFTjAeNAlCCmg0f53g6ih3jATyCKftTfw==}

  buffer@6.0.3:
    resolution: {integrity: sha512-FTiCpNxtwiZZHEZbcbTIcZjERVICn9yq/pDFkTl95/AxzD1naBctN7YO68riM/gLSDY7sdrMby8hofADYuuqOA==}

  bufferutil@4.0.9:
    resolution: {integrity: sha512-WDtdLmJvAuNNPzByAYpRo2rF1Mmradw6gvWsQKf63476DDXmomT9zUiGypLcG4ibIM67vhAj8jJRdbmEws2Aqw==}
    engines: {node: '>=6.14.2'}

  call-bind-apply-helpers@1.0.2:
    resolution: {integrity: sha512-Sp1ablJ0ivDkSzjcaJdxEunN5/XvksFJ2sMBFfq6x0ryhQV/2b/KwFe21cMpmHtPOSij8K99/wSfoEuTObmuMQ==}
    engines: {node: '>= 0.4'}

  call-bind@1.0.8:
    resolution: {integrity: sha512-oKlSFMcMwpUg2ednkhQ454wfWiU/ul3CkJe/PEHcTKuiX6RpbehUiFMXu13HalGZxfUwCQzZG747YXBn1im9ww==}
    engines: {node: '>= 0.4'}

  call-bound@1.0.4:
    resolution: {integrity: sha512-+ys997U96po4Kx/ABpBCqhA9EuxJaQWDQg7295H4hBphv3IZg0boBKuwYpt4YXp6MZ5AmZQnU/tyMTlRpaSejg==}
    engines: {node: '>= 0.4'}

  chalk@5.4.1:
    resolution: {integrity: sha512-zgVZuo2WcZgfUEmsn6eO3kINexW8RAE4maiQ8QNs8CtpPCSyMiYsULR3HQYkm3w8FIA3SberyMJMSldGsW+U3w==}
    engines: {node: ^12.17.0 || ^14.13 || >=16.0.0}

  commander@13.1.0:
    resolution: {integrity: sha512-/rFeCpNJQbhSZjGVwO9RFV3xPqbnERS8MmIQzCtD/zl6gpJuV/bMLuN92oG3F7d8oDEHHRrujSXNUr8fpjntKw==}
    engines: {node: '>=18'}

  crc-32@1.2.2:
    resolution: {integrity: sha512-ROmzCKrTnOwybPcJApAA6WBWij23HVfGVNKqqrZpuyZOHqK2CwHSvpGuyt/UNNvaIjEd8X5IFGp4Mh+Ie1IHJQ==}
    engines: {node: '>=0.8'}
    hasBin: true

  debug@4.4.0:
    resolution: {integrity: sha512-6WTZ/IxCY/T6BALoZHaE4ctp9xm+Z5kY/pzYaCHRFeyVhojxlrm+46y68HA6hr0TcwEssoxNiDEUJQjfPZ/RYA==}
    engines: {node: '>=6.0'}
    peerDependencies:
      supports-color: '*'
    peerDependenciesMeta:
      supports-color:
        optional: true

  define-data-property@1.1.4:
    resolution: {integrity: sha512-rBMvIzlpA8v6E+SJZoo++HAYqsLrkg7MSfIinMPFhmkorw7X+dOXVJQs+QT69zGkzMyfDnIMN2Wid1+NbL3T+A==}
    engines: {node: '>= 0.4'}

  detect-browser@5.3.0:
    resolution: {integrity: sha512-53rsFbGdwMwlF7qvCt0ypLM5V5/Mbl0szB7GPN8y9NCcbknYOeVVXdrXEq+90IwAfrrzt6Hd+u2E2ntakICU8w==}

  dunder-proto@1.0.1:
    resolution: {integrity: sha512-KIN/nDJBQRcXw0MLVhZE9iQHmG68qAVIBg9CqmUYjmQIhgij9U5MFvrqkUL5FbtyyzZuOeOt0zdeRe4UY7ct+A==}
    engines: {node: '>= 0.4'}

  es-define-property@1.0.1:
    resolution: {integrity: sha512-e3nRfgfUZ4rNGL232gUgX06QNyyez04KdjFrF+LTRoOXmrOgFKDg4BCdsjW8EnT69eqdYGmRpJwiPVYNrCaW3g==}
    engines: {node: '>= 0.4'}

  es-errors@1.3.0:
    resolution: {integrity: sha512-Zf5H2Kxt2xjTvbJvP2ZWLEICxA6j+hAmMzIlypy4xcBg1vKVnx89Wy0GbS+kf5cwCVFFzdCFh2XSCFNULS6csw==}
    engines: {node: '>= 0.4'}

  es-object-atoms@1.1.1:
    resolution: {integrity: sha512-FGgH2h8zKNim9ljj7dankFPcICIK9Cp5bm+c2gQSYePhpaG5+esrLODihIorn+Pe6FGJzWhXQotPv73jTaldXA==}
    engines: {node: '>= 0.4'}

  ethereum-cryptography@2.2.1:
    resolution: {integrity: sha512-r/W8lkHSiTLxUxW8Rf3u4HGB0xQweG2RyETjywylKZSzLWoWAijRz8WCuOtJ6wah+avllXBqZuk29HCCvhEIRg==}

  eventemitter3@5.0.1:
    resolution: {integrity: sha512-GWkBvjiSZK87ELrYOSESUYeVIc9mvLLf/nXalMOS5dYrgZq9o5OVkbZAVM06CVxYsCwH9BDZFPlQTlPA1j4ahA==}

  events@3.3.0:
    resolution: {integrity: sha512-mQw+2fkQbALzQ7V0MY0IqdnXNOeTtP4r0lN9z7AAawCXgqea7bDii20AYrIBrFd/Hx0M2Ocz6S111CaFkUcb0Q==}
    engines: {node: '>=0.8.x'}

  extension-port-stream@3.0.0:
    resolution: {integrity: sha512-an2S5quJMiy5bnZKEf6AkfH/7r8CzHvhchU40gxN+OM6HPhe7Z9T1FUychcf2M9PpPOO0Hf7BAEfJkw2TDIBDw==}
    engines: {node: '>=12.0.0'}

  fast-deep-equal@3.1.3:
    resolution: {integrity: sha512-f3qQ9oQy9j2AhBe/H9VC91wLmKBCCU/gDOnKNAYG5hswO7BLKj09Hc5HYNz9cGI++xlpDCIgDaitVs03ATR84Q==}

  fast-safe-stringify@2.1.1:
    resolution: {integrity: sha512-W+KJc2dmILlPplD/H4K9l9LcAHAfPtP6BY84uVLXQ6Evcz9Lcg33Y2z1IVblT6xdY54PXYVHEv+0Wpq8Io6zkA==}

  for-each@0.3.5:
    resolution: {integrity: sha512-dKx12eRCVIzqCxFGplyFKJMPvLEWgmNtUrpTiJIR5u97zEhRG8ySrtboPHZXx7daLxQVrl643cTzbab2tkQjxg==}
    engines: {node: '>= 0.4'}

  function-bind@1.1.2:
    resolution: {integrity: sha512-7XHNxH7qX9xG5mIwxkhumTox/MIRNcOgDrxWsMt2pAr23WHp6MrRlN7FBSFpCpr+oVO0F744iUgR82nJMfG2SA==}

  get-intrinsic@1.3.0:
    resolution: {integrity: sha512-9fSjSaos/fRIVIp+xSJlE6lfwhES7LNtKaCBIamHsjr2na1BiABJPo0mOjjz8GJDURarmCPGqaiVg5mfjb98CQ==}
    engines: {node: '>= 0.4'}

  get-proto@1.0.1:
    resolution: {integrity: sha512-sTSfBjoXBp89JvIKIefqw7U2CCebsc74kiY6awiGogKtoSGbgjYE/G/+l9sF3MWFPNc9IcoOC4ODfKHfxFmp0g==}
    engines: {node: '>= 0.4'}

  gopd@1.2.0:
    resolution: {integrity: sha512-ZUKRh6/kUFoAiTAtTYPZJ3hw9wNxx+BIBOijnlG9PnrJsCcSjs1wyyD6vJpaYtgnzDrKYRSqf3OO6Rfa93xsRg==}
    engines: {node: '>= 0.4'}

  gql.tada@1.8.10:
    resolution: {integrity: sha512-FrvSxgz838FYVPgZHGOSgbpOjhR+yq44rCzww3oOPJYi0OvBJjAgCiP6LEokZIYND2fUTXzQAyLgcvgw1yNP5A==}
    hasBin: true
    peerDependencies:
      typescript: ^5.0.0

  graphql@16.10.0:
    resolution: {integrity: sha512-AjqGKbDGUFRKIRCP9tCKiIGHyriz2oHEbPIbEtcSLSs4YjReZOIPQQWek4+6hjw62H9QShXHyaGivGiYVLeYFQ==}
    engines: {node: ^12.22.0 || ^14.16.0 || ^16.0.0 || >=17.0.0}

  has-property-descriptors@1.0.2:
    resolution: {integrity: sha512-55JNKuIW+vq4Ke1BjOTjM2YctQIvCT7GFzHwmfZPGo5wnrgkid0YQtnAleFSqumZm4az3n2BS+erby5ipJdgrg==}

  has-symbols@1.1.0:
    resolution: {integrity: sha512-1cDNdwJ2Jaohmb3sg4OmKaMBwuC48sYni5HUw2DvsC8LjGTLK9h+eb1X6RyuOHe4hT0ULCW68iomhjUoKUqlPQ==}
    engines: {node: '>= 0.4'}

  has-tostringtag@1.0.2:
    resolution: {integrity: sha512-NqADB8VjPFLM2V0VvHUewwwsw0ZWBaIdgo+ieHtK3hasLz4qeCRjYcqfB6AQrBggRKppKF8L52/VqdVsO47Dlw==}
    engines: {node: '>= 0.4'}

  hasown@2.0.2:
    resolution: {integrity: sha512-0hJU9SCPvmMzIBdZFqNPXWa6dqh7WdH0cII9y+CyS8rG3nL48Bclra9HmKhVVUHyPWNH5Y7xDwAB7bfgSjkUMQ==}
    engines: {node: '>= 0.4'}

  ieee754@1.2.1:
    resolution: {integrity: sha512-dcyqhDvX1C46lXZcVqCpK+FtMRQVdIMN6/Df5js2zouUsqG7I6sFxitIC+7KYK29KdXOLHdu9zL4sFnoVQnqaA==}

  inherits@2.0.4:
    resolution: {integrity: sha512-k/vGaX4/Yla3WzyMCvTQOXYeIHvqOKtnqBduzTHpzpQZzAskKMhZ2K+EnBiSM9zGSoIFeMpXKxa4dYeZIQqewQ==}

  is-arguments@1.2.0:
    resolution: {integrity: sha512-7bVbi0huj/wrIAOzb8U1aszg9kdi3KN/CyU19CTI7tAoZYEZoL9yCDXpbXN+uPsuWnP02cyug1gleqq+TU+YCA==}
    engines: {node: '>= 0.4'}

  is-callable@1.2.7:
    resolution: {integrity: sha512-1BC0BVFhS/p0qtw6enp8e+8OD0UrK0oFLztSjNzhcKA3WDuJxxAPXzPuPtKkjEY9UUoEWlX/8fgKeu2S8i9JTA==}
    engines: {node: '>= 0.4'}

  is-generator-function@1.1.0:
    resolution: {integrity: sha512-nPUB5km40q9e8UfN/Zc24eLlzdSf9OfKByBw9CIdw4H1giPMeA0OIJvbchsCu4npfI2QcMVBsGEBHKZ7wLTWmQ==}
    engines: {node: '>= 0.4'}

  is-regex@1.2.1:
    resolution: {integrity: sha512-MjYsKHO5O7mCsmRGxWcLWheFqN9DJ/2TmngvjKXihe6efViPqc274+Fx/4fYj/r03+ESvBdTXK0V6tA3rgez1g==}
    engines: {node: '>= 0.4'}

  is-stream@2.0.1:
    resolution: {integrity: sha512-hFoiJiTl63nn+kstHGBtewWSKnQLpyb155KHheA1l39uvtO9nWIop1p3udqPcUd/xbF1VLMO4n7OI6p7RbngDg==}
    engines: {node: '>=8'}

  is-typed-array@1.1.15:
    resolution: {integrity: sha512-p3EcsicXjit7SaskXHs1hA91QxgTw46Fv6EFKKGS5DRFLD8yKnohjF3hxoju94b/OcMZoQukzpPpBE9uLVKzgQ==}
    engines: {node: '>= 0.4'}

  isomorphic-fetch@3.0.0:
    resolution: {integrity: sha512-qvUtwJ3j6qwsF3jLxkZ72qCgjMysPzDfeV240JHiGZsANBYd+EEuu35v7dfrJ9Up0Ak07D7GGSkGhCHTqg/5wA==}

  isomorphic-ws@5.0.0:
    resolution: {integrity: sha512-muId7Zzn9ywDsyXgTIafTry2sV3nySZeUDe6YedVd1Hvuuep5AsIlqK+XefWpYTyJG5e503F2xIuT2lcU6rCSw==}
    peerDependencies:
      ws: '*'

  math-intrinsics@1.1.0:
    resolution: {integrity: sha512-/IXtbwEk5HTPyEwyKX6hGkYXxM9nbj64B+ilVJnC/R6B0pH5G4V3b0pVbL7DBj4tkhBAppbQUlf6F6Xl9LHu1g==}
    engines: {node: '>= 0.4'}

  micro-ftch@0.3.1:
    resolution: {integrity: sha512-/0LLxhzP0tfiR5hcQebtudP56gUurs2CLkGarnCiB/OqEyUFQ6U3paQi/tgLv0hBJYt2rnr9MNpxz4fiiugstg==}

  mitt@3.0.1:
    resolution: {integrity: sha512-vKivATfr97l2/QBCYAkXYDbrIWPM2IIKEl7YPhjCvKlG3kE2gm+uBo6nEXK3M5/Ffh/FLpKExzOQ3JJoJGFKBw==}

  ms@2.1.3:
    resolution: {integrity: sha512-6FlzubTLZG3J2a/NVCAleEhjzq5oxgHyaCU9yYXvcLsvoVaHJq/s5xXI6/XXP6tz7R9xAOtHnSO/tXtF3WRTlA==}

  nanostores@0.10.3:
    resolution: {integrity: sha512-Nii8O1XqmawqSCf9o2aWqVxhKRN01+iue9/VEd1TiJCr9VT5XxgPFbF1Edl1XN6pwJcZRsl8Ki+z01yb/T/C2g==}
    engines: {node: ^18.0.0 || >=20.0.0}

  node-fetch@2.7.0:
    resolution: {integrity: sha512-c4FRfUm/dbcWZ7U+1Wq0AwCyFL+3nt2bEw05wfxSz+DWpWsitgmSgYmy2dQdWyKC1694ELPqMs/YzUSNozLt8A==}
    engines: {node: 4.x || >=6.0.0}
    peerDependencies:
      encoding: ^0.1.0
    peerDependenciesMeta:
      encoding:
        optional: true

  node-gyp-build@4.8.4:
    resolution: {integrity: sha512-LA4ZjwlnUblHVgq0oBF3Jl/6h/Nvs5fzBLwdEF4nuxnFdsfajde4WfxtJr3CaiH+F6ewcIB/q4jQ4UzPyid+CQ==}
    hasBin: true

  once@1.4.0:
    resolution: {integrity: sha512-lNaJgI+2Q5URQBkccEKHTQOPaXdUxnZZElQTZY0MFUAuaEqe1E+Nyvgdz/aIyNi6Z9MzO5dv1H8n58/GELp3+w==}

  pony-cause@2.1.11:
    resolution: {integrity: sha512-M7LhCsdNbNgiLYiP4WjsfLUuFmCfnjdF6jKe2R9NKl4WFN+HZPGHJZ9lnLP7f9ZnKe3U9nuWD0szirmj+migUg==}
    engines: {node: '>=12.0.0'}

  poseidon-lite@0.2.1:
    resolution: {integrity: sha512-xIr+G6HeYfOhCuswdqcFpSX47SPhm0EpisWJ6h7fHlWwaVIvH3dLnejpatrtw6Xc6HaLrpq05y7VRfvDmDGIog==}

  possible-typed-array-names@1.1.0:
    resolution: {integrity: sha512-/+5VFTchJDoVj3bhoqi6UeymcD00DAwb1nJwamzPvHEszJ4FpF6SNNbUbOS8yI56qHzdV8eK0qEfOSiodkTdxg==}
    engines: {node: '>= 0.4'}

  readable-stream@3.6.2:
    resolution: {integrity: sha512-9u/sniCrY3D5WdsERHzHE4G2YCXqoG5FTHUiCC4SIbr6XcLZBY05ya9EKjYek9O5xOAwjGq+1JdGBAS7Q9ScoA==}
    engines: {node: '>= 6'}

  safe-buffer@5.2.1:
    resolution: {integrity: sha512-rp3So07KcdmmKbGvgaNxQSJr7bGVSVk5S9Eq1F+ppbRo70+YeaDxkw5Dd8NPN+GD6bjnYm2VuPuCXmpuYvmCXQ==}

  safe-regex-test@1.1.0:
    resolution: {integrity: sha512-x/+Cz4YrimQxQccJf5mKEbIa1NzeCRNI5Ecl/ekmlYaampdNLPalVyIcCZNNH3MvmqBugV5TMYZXv0ljslUlaw==}
    engines: {node: '>= 0.4'}

  semver@7.7.1:
    resolution: {integrity: sha512-hlq8tAfn0m/61p4BVRcPzIGr6LKiMwo4VM6dGi6pt4qcRkmNzTcWq6eCEjEh+qXjkMDvPlOFFSGwQjoEa6gyMA==}
    engines: {node: '>=10'}
    hasBin: true

  set-function-length@1.2.2:
    resolution: {integrity: sha512-pgRc4hJ4/sNjWCSS9AmnS40x3bNMDTknHgL5UaMBTMyJnU90EgWh1Rz+MC9eFu4BuN/UwZjKQuY/1v3rM7HMfg==}
    engines: {node: '>= 0.4'}

  strict-event-emitter-types@2.0.0:
    resolution: {integrity: sha512-Nk/brWYpD85WlOgzw5h173aci0Teyv8YdIAEtV+N88nDB0dLlazZyJMIsN6eo1/AR61l+p6CJTG1JIyFaoNEEA==}

  string_decoder@1.3.0:
    resolution: {integrity: sha512-hkRX8U1WjJFd8LsDJ2yQ/wWWxaopEsABU1XfkM8A+j0+85JAGppt16cr1Whg6KIbb4okU6Mql6BOj+uup/wKeA==}

  superstruct@1.0.3:
    resolution: {integrity: sha512-8iTn3oSS8nRGn+C2pgXSKPI3jmpm6FExNazNpjvqS6ZUJQCej3PUXEKM8NjHBOs54ExM+LPW/FBRhymrdcCiSg==}
    engines: {node: '>=14.0.0'}

  superstruct@1.0.4:
    resolution: {integrity: sha512-7JpaAoX2NGyoFlI9NBh66BQXGONc+uE+MRS5i2iOBKuS4e+ccgMDjATgZldkah+33DakBxDHiss9kvUcGAO8UQ==}
    engines: {node: '>=14.0.0'}

  tr46@0.0.3:
    resolution: {integrity: sha512-N3WMsuqV66lT30CrXNbEjx4GEwlow3v6rr4mCcv6prnfwhS01rkgyFdjPNBYd9br7LpXV1+Emh01fHnq2Gdgrw==}

  tweetnacl@1.0.3:
    resolution: {integrity: sha512-6rt+RN7aOi1nGMyC4Xa5DdYiukl2UWCbcJft7YhxReBGQD7OAM8Pbxw6YMo4r2diNEA8FEmu32YOn9rhaiE5yw==}

  typescript@5.8.3:
    resolution: {integrity: sha512-p1diW6TqL9L07nNxvRMM7hMMw4c5XOo/1ibL4aAIGmSAt9slTE1Xgw5KWuof2uTOvCg9BY7ZRi+GaF+7sfgPeQ==}
    engines: {node: '>=14.17'}
    hasBin: true

  undici-types@6.21.0:
    resolution: {integrity: sha512-iwDZqg0QAGrg9Rav5H4n0M64c3mkR59cJ6wQp+7C4nI0gsmExaedaYLNO44eT4AtBBwjbTiGPMlt2Md0T9H9JQ==}

  utf-8-validate@5.0.10:
    resolution: {integrity: sha512-Z6czzLq4u8fPOyx7TU6X3dvUZVvoJmxSQ+IcrlmagKhilxlhZgxPK6C5Jqbkw1IDUmFTM+cz9QDnnLTwDz/2gQ==}
    engines: {node: '>=6.14.2'}

  util-deprecate@1.0.2:
    resolution: {integrity: sha512-EPD5q1uXyFxJpCrLnCc1nHnq3gOa6DZBocAIiI2TaSCA7VCJ1UJDMagCzIkXNsUYfD1daK//LTEQ8xiIbrHtcw==}

  util@0.12.5:
    resolution: {integrity: sha512-kZf/K6hEIrWHI6XqOFUiiMa+79wE/D8Q+NCNAWclkyg3b4d2k7s0QGepNjiABc+aR3N1PAyHL7p6UcLY6LmrnA==}

  uuid@9.0.1:
    resolution: {integrity: sha512-b+1eJOlsR9K8HJpow9Ok3fiWOWSIcIzXodvv0rQjVoOVNpWMpxf1wZNpt4y9h10odCNrqnYp1OBzRktckBe3sA==}
    hasBin: true

  valibot@0.36.0:
    resolution: {integrity: sha512-CjF1XN4sUce8sBK9TixrDqFM7RwNkuXdJu174/AwmQUB62QbCQADg5lLe8ldBalFgtj1uKj+pKwDJiNo4Mn+eQ==}

  web3-errors@1.3.1:
    resolution: {integrity: sha512-w3NMJujH+ZSW4ltIZZKtdbkbyQEvBzyp3JRn59Ckli0Nz4VMsVq8aF1bLWM7A2kuQ+yVEm3ySeNU+7mSRwx7RQ==}
    engines: {node: '>=14', npm: '>=6.12.0'}

  web3-types@1.10.0:
    resolution: {integrity: sha512-0IXoaAFtFc8Yin7cCdQfB9ZmjafrbP6BO0f0KT/khMhXKUpoJ6yShrVhiNpyRBo8QQjuOagsWzwSK2H49I7sbw==}
    engines: {node: '>=14', npm: '>=6.12.0'}

  web3-utils@4.3.3:
    resolution: {integrity: sha512-kZUeCwaQm+RNc2Bf1V3BYbF29lQQKz28L0y+FA4G0lS8IxtJVGi5SeDTUkpwqqkdHHC7JcapPDnyyzJ1lfWlOw==}
    engines: {node: '>=14', npm: '>=6.12.0'}

  web3-validator@2.0.6:
    resolution: {integrity: sha512-qn9id0/l1bWmvH4XfnG/JtGKKwut2Vokl6YXP5Kfg424npysmtRLe9DgiNBM9Op7QL/aSiaA0TVXibuIuWcizg==}
    engines: {node: '>=14', npm: '>=6.12.0'}

  webextension-polyfill@0.10.0:
    resolution: {integrity: sha512-c5s35LgVa5tFaHhrZDnr3FpQpjj1BB+RXhLTYUxGqBVN460HkbM8TBtEqdXWbpTKfzwCcjAZVF7zXCYSKtcp9g==}

  webidl-conversions@3.0.1:
    resolution: {integrity: sha512-2JAn3z8AR6rjK8Sm8orRC0h/bcl/DqL7tRPdGZ4I1CjdF+EaMLmYxBHyXuKL849eucPFhvBoxMsflfOb8kxaeQ==}

  whatwg-fetch@3.6.20:
    resolution: {integrity: sha512-EqhiFU6daOA8kpjOWTL0olhVOF3i7OrFzSYiGsEMB8GcXS+RrzauAERX65xMeNWVqxA6HXH2m69Z9LaKKdisfg==}

  whatwg-url@5.0.0:
    resolution: {integrity: sha512-saE57nupxk6v3HY35+jzBwYa0rKSy0XR8JSxZPwgLr7ys0IBzhGviA1/TUGJLmSVqs8pb9AnvICXEuOHLprYTw==}

  which-typed-array@1.1.19:
    resolution: {integrity: sha512-rEvr90Bck4WZt9HHFC4DJMsjvu7x+r6bImz0/BrbWb7A2djJ8hnZMrWnHo9F8ssv0OMErasDhftrfROTyqSDrw==}
    engines: {node: '>= 0.4'}

  wrappy@1.0.2:
    resolution: {integrity: sha512-l4Sp/DRseor9wL6EvV2+TuQn63dMkPjZ/sp9XkghTEbV9KlPS1xUsZ3u7/IQO4wxtcFB4bgpQPRcR3QCvezPcQ==}

  ws@7.5.10:
    resolution: {integrity: sha512-+dbF1tHwZpXcbOJdVOkzLDxZP1ailvSxM6ZweXTegylPny803bFhA+vqBYw4s31NSAk4S2Qz+AKXK9a4wkdjcQ==}
    engines: {node: '>=8.3.0'}
    peerDependencies:
      bufferutil: ^4.0.1
      utf-8-validate: ^5.0.2
    peerDependenciesMeta:
      bufferutil:
        optional: true
      utf-8-validate:
        optional: true

  ws@8.18.1:
    resolution: {integrity: sha512-RKW2aJZMXeMxVpnZ6bck+RswznaxmzdULiBr6KY7XkTnW8uvt0iT9H5DkHUChXrc+uurzwa0rVI16n/Xzjdz1w==}
    engines: {node: '>=10.0.0'}
    peerDependencies:
      bufferutil: ^4.0.1
      utf-8-validate: '>=5.0.2'
    peerDependenciesMeta:
      bufferutil:
        optional: true
      utf-8-validate:
        optional: true

  zod@3.24.3:
    resolution: {integrity: sha512-HhY1oqzWCQWuUqvBFnsyrtZRhyPeR7SUGv+C4+MsisMuVfSPx8HpwWqH8tRahSlt6M3PiFAcoeFhZAqIXTxoSg==}

snapshots:

  '@0no-co/graphql.web@1.1.2(graphql@16.10.0)':
    optionalDependencies:
      graphql: 16.10.0

  '@0no-co/graphqlsp@1.12.16(graphql@16.10.0)(typescript@5.8.3)':
    dependencies:
      '@gql.tada/internal': 1.0.8(graphql@16.10.0)(typescript@5.8.3)
      graphql: 16.10.0
      typescript: 5.8.3

  '@ethereumjs/common@3.2.0':
    dependencies:
      '@ethereumjs/util': 8.1.0
      crc-32: 1.2.2

  '@ethereumjs/rlp@4.0.1': {}

  '@ethereumjs/tx@4.2.0':
    dependencies:
      '@ethereumjs/common': 3.2.0
      '@ethereumjs/rlp': 4.0.1
      '@ethereumjs/util': 8.1.0
      ethereum-cryptography: 2.2.1

  '@ethereumjs/util@8.1.0':
    dependencies:
      '@ethereumjs/rlp': 4.0.1
      ethereum-cryptography: 2.2.1
      micro-ftch: 0.3.1

  '@gql.tada/cli-utils@1.6.3(@0no-co/graphqlsp@1.12.16(graphql@16.10.0)(typescript@5.8.3))(graphql@16.10.0)(typescript@5.8.3)':
    dependencies:
      '@0no-co/graphqlsp': 1.12.16(graphql@16.10.0)(typescript@5.8.3)
      '@gql.tada/internal': 1.0.8(graphql@16.10.0)(typescript@5.8.3)
      graphql: 16.10.0
      typescript: 5.8.3

  '@gql.tada/internal@1.0.8(graphql@16.10.0)(typescript@5.8.3)':
    dependencies:
      '@0no-co/graphql.web': 1.1.2(graphql@16.10.0)
      graphql: 16.10.0
      typescript: 5.8.3

  '@graphql-typed-document-node/core@3.2.0(graphql@16.10.0)':
    dependencies:
      graphql: 16.10.0

  '@kunalabs-io/sui-snap-wallet@0.4.3(bufferutil@4.0.9)(typescript@5.8.3)(utf-8-validate@5.0.10)':
    dependencies:
      '@metamask/detect-provider': 2.0.0
      '@metamask/providers': 15.0.0
      '@mysten/sui.js': 0.50.1(typescript@5.8.3)
      '@mysten/wallet-adapter-base': 0.9.0(bufferutil@4.0.9)(utf-8-validate@5.0.10)
      '@mysten/wallet-standard': 0.10.3(typescript@5.8.3)
      superstruct: 1.0.4
    transitivePeerDependencies:
      - '@gql.tada/svelte-support'
      - '@gql.tada/vue-support'
      - bufferutil
      - encoding
      - supports-color
      - typescript
      - utf-8-validate

  '@metamask/detect-provider@2.0.0': {}

  '@metamask/json-rpc-engine@7.3.3':
    dependencies:
      '@metamask/rpc-errors': 6.4.0
      '@metamask/safe-event-emitter': 3.1.2
      '@metamask/utils': 8.5.0
    transitivePeerDependencies:
      - supports-color

  '@metamask/json-rpc-middleware-stream@6.0.2':
    dependencies:
      '@metamask/json-rpc-engine': 7.3.3
      '@metamask/safe-event-emitter': 3.1.2
      '@metamask/utils': 8.5.0
      readable-stream: 3.6.2
    transitivePeerDependencies:
      - supports-color

  '@metamask/object-multiplex@2.1.0':
    dependencies:
      once: 1.4.0
      readable-stream: 3.6.2

  '@metamask/providers@15.0.0':
    dependencies:
      '@metamask/json-rpc-engine': 7.3.3
      '@metamask/json-rpc-middleware-stream': 6.0.2
      '@metamask/object-multiplex': 2.1.0
      '@metamask/rpc-errors': 6.4.0
      '@metamask/safe-event-emitter': 3.1.2
      '@metamask/utils': 8.5.0
      detect-browser: 5.3.0
      extension-port-stream: 3.0.0
      fast-deep-equal: 3.1.3
      is-stream: 2.0.1
      readable-stream: 3.6.2
      webextension-polyfill: 0.10.0
    transitivePeerDependencies:
      - supports-color

  '@metamask/rpc-errors@6.4.0':
    dependencies:
      '@metamask/utils': 9.3.0
      fast-safe-stringify: 2.1.1
    transitivePeerDependencies:
      - supports-color

  '@metamask/safe-event-emitter@3.1.2': {}

  '@metamask/superstruct@3.2.1': {}

  '@metamask/utils@8.5.0':
    dependencies:
      '@ethereumjs/tx': 4.2.0
      '@metamask/superstruct': 3.2.1
      '@noble/hashes': 1.8.0
      '@scure/base': 1.2.4
      '@types/debug': 4.1.12
      debug: 4.4.0
      pony-cause: 2.1.11
      semver: 7.7.1
      uuid: 9.0.1
    transitivePeerDependencies:
      - supports-color

  '@metamask/utils@9.3.0':
    dependencies:
      '@ethereumjs/tx': 4.2.0
      '@metamask/superstruct': 3.2.1
      '@noble/hashes': 1.8.0
      '@scure/base': 1.2.4
      '@types/debug': 4.1.12
      debug: 4.4.0
      pony-cause: 2.1.11
      semver: 7.7.1
      uuid: 9.0.1
    transitivePeerDependencies:
      - supports-color

  '@multiplechain/types@0.1.70': {}

  '@multiplechain/utils@0.1.23(bufferutil@4.0.9)(utf-8-validate@5.0.10)':
    dependencies:
      '@types/ws': 8.18.1
      bignumber.js: 9.3.0
      web3-utils: 4.3.3
      ws: 8.18.1(bufferutil@4.0.9)(utf-8-validate@5.0.10)
    transitivePeerDependencies:
      - bufferutil
      - utf-8-validate

  '@mysten/bcs@0.11.1':
    dependencies:
      bs58: 5.0.0

  '@mysten/bcs@0.7.3':
    dependencies:
      bs58: 5.0.0

  '@mysten/bcs@1.0.4':
    dependencies:
      bs58: 6.0.0

  '@mysten/bcs@1.1.0':
    dependencies:
      bs58: 6.0.0

  '@mysten/bcs@1.6.0':
    dependencies:
      '@scure/base': 1.2.4

  '@mysten/sui.js@0.40.0(bufferutil@4.0.9)(utf-8-validate@5.0.10)':
    dependencies:
      '@mysten/bcs': 0.7.3
      '@noble/curves': 1.9.0
      '@noble/hashes': 1.8.0
      '@open-rpc/client-js': 1.8.1(bufferutil@4.0.9)(utf-8-validate@5.0.10)
      '@scure/bip32': 1.6.2
      '@scure/bip39': 1.5.4
      '@suchipi/femver': 1.0.0
      events: 3.3.0
      superstruct: 1.0.4
      tweetnacl: 1.0.3
    transitivePeerDependencies:
      - bufferutil
      - encoding
      - utf-8-validate

  '@mysten/sui.js@0.50.1(typescript@5.8.3)':
    dependencies:
      '@graphql-typed-document-node/core': 3.2.0(graphql@16.10.0)
      '@mysten/bcs': 0.11.1
      '@noble/curves': 1.9.0
      '@noble/hashes': 1.8.0
      '@scure/bip32': 1.6.2
      '@scure/bip39': 1.5.4
      '@suchipi/femver': 1.0.0
      bech32: 2.0.0
      gql.tada: 1.8.10(graphql@16.10.0)(typescript@5.8.3)
      graphql: 16.10.0
      superstruct: 1.0.4
      tweetnacl: 1.0.3
    transitivePeerDependencies:
      - '@gql.tada/svelte-support'
      - '@gql.tada/vue-support'
      - typescript

  '@mysten/sui@1.12.0(typescript@5.8.3)':
    dependencies:
      '@graphql-typed-document-node/core': 3.2.0(graphql@16.10.0)
      '@mysten/bcs': 1.1.0
      '@noble/curves': 1.9.0
      '@noble/hashes': 1.8.0
      '@scure/bip32': 1.6.2
      '@scure/bip39': 1.5.4
      '@suchipi/femver': 1.0.0
      bech32: 2.0.0
      gql.tada: 1.8.10(graphql@16.10.0)(typescript@5.8.3)
      graphql: 16.10.0
      tweetnacl: 1.0.3
      valibot: 0.36.0
    transitivePeerDependencies:
      - '@gql.tada/svelte-support'
      - '@gql.tada/vue-support'
      - typescript

  '@mysten/sui@1.28.2(typescript@5.8.3)':
    dependencies:
      '@graphql-typed-document-node/core': 3.2.0(graphql@16.10.0)
      '@mysten/bcs': 1.6.0
      '@mysten/utils': 0.0.0
      '@noble/curves': 1.9.0
      '@noble/hashes': 1.8.0
      '@scure/base': 1.2.4
      '@scure/bip32': 1.6.2
      '@scure/bip39': 1.5.4
      gql.tada: 1.8.10(graphql@16.10.0)(typescript@5.8.3)
      graphql: 16.10.0
      poseidon-lite: 0.2.1
      valibot: 0.36.0
    transitivePeerDependencies:
      - '@gql.tada/svelte-support'
      - '@gql.tada/vue-support'
      - typescript

  '@mysten/sui@1.8.0(typescript@5.8.3)':
    dependencies:
      '@graphql-typed-document-node/core': 3.2.0(graphql@16.10.0)
      '@mysten/bcs': 1.0.4
      '@noble/curves': 1.9.0
      '@noble/hashes': 1.8.0
      '@scure/bip32': 1.6.2
      '@scure/bip39': 1.5.4
      '@suchipi/femver': 1.0.0
      bech32: 2.0.0
      gql.tada: 1.8.10(graphql@16.10.0)(typescript@5.8.3)
      graphql: 16.10.0
      tweetnacl: 1.0.3
      valibot: 0.36.0
    transitivePeerDependencies:
      - '@gql.tada/svelte-support'
      - '@gql.tada/vue-support'
      - typescript

  '@mysten/utils@0.0.0':
    dependencies:
      '@scure/base': 1.2.4

  '@mysten/wallet-adapter-base@0.9.0(bufferutil@4.0.9)(utf-8-validate@5.0.10)':
    dependencies:
      '@mysten/sui.js': 0.40.0(bufferutil@4.0.9)(utf-8-validate@5.0.10)
      '@mysten/wallet-standard': 0.6.0(bufferutil@4.0.9)(utf-8-validate@5.0.10)
    transitivePeerDependencies:
      - bufferutil
      - encoding
      - utf-8-validate

  '@mysten/wallet-standard@0.10.3(typescript@5.8.3)':
    dependencies:
      '@mysten/sui.js': 0.50.1(typescript@5.8.3)
      '@wallet-standard/core': 1.0.3
    transitivePeerDependencies:
      - '@gql.tada/svelte-support'
      - '@gql.tada/vue-support'
      - typescript

  '@mysten/wallet-standard@0.13.3(typescript@5.8.3)':
    dependencies:
      '@mysten/sui': 1.8.0(typescript@5.8.3)
      '@wallet-standard/core': 1.0.3
    transitivePeerDependencies:
      - '@gql.tada/svelte-support'
      - '@gql.tada/vue-support'
      - typescript

  '@mysten/wallet-standard@0.13.7(typescript@5.8.3)':
    dependencies:
      '@mysten/sui': 1.12.0(typescript@5.8.3)
      '@wallet-standard/core': 1.0.3
    transitivePeerDependencies:
      - '@gql.tada/svelte-support'
      - '@gql.tada/vue-support'
      - typescript

  '@mysten/wallet-standard@0.14.7(typescript@5.8.3)':
    dependencies:
      '@mysten/sui': 1.28.2(typescript@5.8.3)
      '@wallet-standard/core': 1.1.0
    transitivePeerDependencies:
      - '@gql.tada/svelte-support'
      - '@gql.tada/vue-support'
      - typescript

  '@mysten/wallet-standard@0.6.0(bufferutil@4.0.9)(utf-8-validate@5.0.10)':
    dependencies:
      '@mysten/sui.js': 0.40.0(bufferutil@4.0.9)(utf-8-validate@5.0.10)
      '@wallet-standard/core': 1.0.3
    transitivePeerDependencies:
      - bufferutil
      - encoding
      - utf-8-validate

  '@mysten/zksend@0.11.0(typescript@5.8.3)':
    dependencies:
      '@mysten/sui': 1.8.0(typescript@5.8.3)
      '@mysten/wallet-standard': 0.13.3(typescript@5.8.3)
      mitt: 3.0.1
      nanostores: 0.10.3
      valibot: 0.36.0
    transitivePeerDependencies:
      - '@gql.tada/svelte-support'
      - '@gql.tada/vue-support'
      - typescript

  '@noble/curves@1.4.2':
    dependencies:
      '@noble/hashes': 1.4.0

  '@noble/curves@1.8.2':
    dependencies:
      '@noble/hashes': 1.7.2

  '@noble/curves@1.9.0':
    dependencies:
      '@noble/hashes': 1.8.0

  '@noble/hashes@1.3.0': {}

  '@noble/hashes@1.4.0': {}

  '@noble/hashes@1.7.2': {}

  '@noble/hashes@1.8.0': {}

  '@open-rpc/client-js@1.8.1(bufferutil@4.0.9)(utf-8-validate@5.0.10)':
    dependencies:
      isomorphic-fetch: 3.0.0
      isomorphic-ws: 5.0.0(ws@7.5.10(bufferutil@4.0.9)(utf-8-validate@5.0.10))
      strict-event-emitter-types: 2.0.0
      ws: 7.5.10(bufferutil@4.0.9)(utf-8-validate@5.0.10)
    transitivePeerDependencies:
      - bufferutil
      - encoding
      - utf-8-validate

  '@scure/base@1.1.9': {}

  '@scure/base@1.2.4': {}

  '@scure/bip32@1.4.0':
    dependencies:
      '@noble/curves': 1.4.2
      '@noble/hashes': 1.4.0
      '@scure/base': 1.1.9

  '@scure/bip32@1.6.2':
    dependencies:
      '@noble/curves': 1.8.2
      '@noble/hashes': 1.7.2
      '@scure/base': 1.2.4

  '@scure/bip39@1.3.0':
    dependencies:
      '@noble/hashes': 1.4.0
      '@scure/base': 1.1.9

  '@scure/bip39@1.5.4':
    dependencies:
      '@noble/hashes': 1.7.2
      '@scure/base': 1.2.4

  '@suchipi/femver@1.0.0': {}

  '@suiet/wallet-sdk@0.3.3(@mysten/sui@1.28.2(typescript@5.8.3))(typescript@5.8.3)':
    dependencies:
      '@mysten/sui': 1.28.2(typescript@5.8.3)
      '@mysten/wallet-standard': 0.13.7(typescript@5.8.3)
      '@mysten/zksend': 0.11.0(typescript@5.8.3)
      '@noble/hashes': 1.3.0
      buffer: 6.0.3
      superstruct: 1.0.3
      tweetnacl: 1.0.3
    transitivePeerDependencies:
      - '@gql.tada/svelte-support'
      - '@gql.tada/vue-support'
      - typescript

  '@types/debug@4.1.12':
    dependencies:
      '@types/ms': 2.1.0

  '@types/ms@2.1.0': {}

  '@types/node@22.14.1':
    dependencies:
      undici-types: 6.21.0

  '@types/ws@8.18.1':
    dependencies:
      '@types/node': 22.14.1

  '@wallet-standard/app@1.1.0':
    dependencies:
      '@wallet-standard/base': 1.1.0

  '@wallet-standard/base@1.1.0': {}

  '@wallet-standard/core@1.0.3':
    dependencies:
      '@wallet-standard/app': 1.1.0
      '@wallet-standard/base': 1.1.0
      '@wallet-standard/features': 1.1.0
      '@wallet-standard/wallet': 1.1.0

  '@wallet-standard/core@1.1.0':
    dependencies:
      '@wallet-standard/app': 1.1.0
      '@wallet-standard/base': 1.1.0
      '@wallet-standard/errors': 0.1.1
      '@wallet-standard/features': 1.1.0
      '@wallet-standard/wallet': 1.1.0

  '@wallet-standard/errors@0.1.1':
    dependencies:
      chalk: 5.4.1
      commander: 13.1.0

  '@wallet-standard/features@1.1.0':
    dependencies:
      '@wallet-standard/base': 1.1.0

  '@wallet-standard/wallet@1.1.0':
    dependencies:
      '@wallet-standard/base': 1.1.0

  available-typed-arrays@1.0.7:
    dependencies:
      possible-typed-array-names: 1.1.0

  base-x@4.0.1: {}

  base-x@5.0.1: {}

  base64-js@1.5.1: {}

  bech32@2.0.0: {}

  bignumber.js@9.3.0: {}

  bs58@5.0.0:
    dependencies:
      base-x: 4.0.1

  bs58@6.0.0:
    dependencies:
      base-x: 5.0.1

  buffer@6.0.3:
    dependencies:
      base64-js: 1.5.1
      ieee754: 1.2.1

  bufferutil@4.0.9:
    dependencies:
      node-gyp-build: 4.8.4
    optional: true

  call-bind-apply-helpers@1.0.2:
    dependencies:
      es-errors: 1.3.0
      function-bind: 1.1.2

  call-bind@1.0.8:
    dependencies:
      call-bind-apply-helpers: 1.0.2
      es-define-property: 1.0.1
      get-intrinsic: 1.3.0
      set-function-length: 1.2.2

  call-bound@1.0.4:
    dependencies:
      call-bind-apply-helpers: 1.0.2
      get-intrinsic: 1.3.0

  chalk@5.4.1: {}

  commander@13.1.0: {}

  crc-32@1.2.2: {}

  debug@4.4.0:
    dependencies:
      ms: 2.1.3

  define-data-property@1.1.4:
    dependencies:
      es-define-property: 1.0.1
      es-errors: 1.3.0
      gopd: 1.2.0

  detect-browser@5.3.0: {}

  dunder-proto@1.0.1:
    dependencies:
      call-bind-apply-helpers: 1.0.2
      es-errors: 1.3.0
      gopd: 1.2.0

  es-define-property@1.0.1: {}

  es-errors@1.3.0: {}

  es-object-atoms@1.1.1:
    dependencies:
      es-errors: 1.3.0

  ethereum-cryptography@2.2.1:
    dependencies:
      '@noble/curves': 1.4.2
      '@noble/hashes': 1.4.0
      '@scure/bip32': 1.4.0
      '@scure/bip39': 1.3.0

  eventemitter3@5.0.1: {}

  events@3.3.0: {}

  extension-port-stream@3.0.0:
    dependencies:
      readable-stream: 3.6.2
      webextension-polyfill: 0.10.0

  fast-deep-equal@3.1.3: {}

  fast-safe-stringify@2.1.1: {}

  for-each@0.3.5:
    dependencies:
      is-callable: 1.2.7

  function-bind@1.1.2: {}

  get-intrinsic@1.3.0:
    dependencies:
      call-bind-apply-helpers: 1.0.2
      es-define-property: 1.0.1
      es-errors: 1.3.0
      es-object-atoms: 1.1.1
      function-bind: 1.1.2
      get-proto: 1.0.1
      gopd: 1.2.0
      has-symbols: 1.1.0
      hasown: 2.0.2
      math-intrinsics: 1.1.0

  get-proto@1.0.1:
    dependencies:
      dunder-proto: 1.0.1
      es-object-atoms: 1.1.1

  gopd@1.2.0: {}

  gql.tada@1.8.10(graphql@16.10.0)(typescript@5.8.3):
    dependencies:
      '@0no-co/graphql.web': 1.1.2(graphql@16.10.0)
      '@0no-co/graphqlsp': 1.12.16(graphql@16.10.0)(typescript@5.8.3)
      '@gql.tada/cli-utils': 1.6.3(@0no-co/graphqlsp@1.12.16(graphql@16.10.0)(typescript@5.8.3))(graphql@16.10.0)(typescript@5.8.3)
      '@gql.tada/internal': 1.0.8(graphql@16.10.0)(typescript@5.8.3)
      typescript: 5.8.3
    transitivePeerDependencies:
      - '@gql.tada/svelte-support'
      - '@gql.tada/vue-support'
      - graphql

  graphql@16.10.0: {}

  has-property-descriptors@1.0.2:
    dependencies:
      es-define-property: 1.0.1

  has-symbols@1.1.0: {}

  has-tostringtag@1.0.2:
    dependencies:
      has-symbols: 1.1.0

  hasown@2.0.2:
    dependencies:
      function-bind: 1.1.2

  ieee754@1.2.1: {}

  inherits@2.0.4: {}

  is-arguments@1.2.0:
    dependencies:
      call-bound: 1.0.4
      has-tostringtag: 1.0.2

  is-callable@1.2.7: {}

  is-generator-function@1.1.0:
    dependencies:
      call-bound: 1.0.4
      get-proto: 1.0.1
      has-tostringtag: 1.0.2
      safe-regex-test: 1.1.0

  is-regex@1.2.1:
    dependencies:
      call-bound: 1.0.4
      gopd: 1.2.0
      has-tostringtag: 1.0.2
      hasown: 2.0.2

  is-stream@2.0.1: {}

  is-typed-array@1.1.15:
    dependencies:
      which-typed-array: 1.1.19

  isomorphic-fetch@3.0.0:
    dependencies:
      node-fetch: 2.7.0
      whatwg-fetch: 3.6.20
    transitivePeerDependencies:
      - encoding

  isomorphic-ws@5.0.0(ws@7.5.10(bufferutil@4.0.9)(utf-8-validate@5.0.10)):
    dependencies:
      ws: 7.5.10(bufferutil@4.0.9)(utf-8-validate@5.0.10)

  math-intrinsics@1.1.0: {}

  micro-ftch@0.3.1: {}

  mitt@3.0.1: {}

  ms@2.1.3: {}

  nanostores@0.10.3: {}

  node-fetch@2.7.0:
    dependencies:
      whatwg-url: 5.0.0

  node-gyp-build@4.8.4:
    optional: true

  once@1.4.0:
    dependencies:
      wrappy: 1.0.2

  pony-cause@2.1.11: {}

  poseidon-lite@0.2.1: {}

  possible-typed-array-names@1.1.0: {}

  readable-stream@3.6.2:
    dependencies:
      inherits: 2.0.4
      string_decoder: 1.3.0
      util-deprecate: 1.0.2

  safe-buffer@5.2.1: {}

  safe-regex-test@1.1.0:
    dependencies:
      call-bound: 1.0.4
      es-errors: 1.3.0
      is-regex: 1.2.1

  semver@7.7.1: {}

  set-function-length@1.2.2:
    dependencies:
      define-data-property: 1.1.4
      es-errors: 1.3.0
      function-bind: 1.1.2
      get-intrinsic: 1.3.0
      gopd: 1.2.0
      has-property-descriptors: 1.0.2

  strict-event-emitter-types@2.0.0: {}

  string_decoder@1.3.0:
    dependencies:
      safe-buffer: 5.2.1

  superstruct@1.0.3: {}

  superstruct@1.0.4: {}

  tr46@0.0.3: {}

  tweetnacl@1.0.3: {}

  typescript@5.8.3: {}

  undici-types@6.21.0: {}

  utf-8-validate@5.0.10:
    dependencies:
      node-gyp-build: 4.8.4
    optional: true

  util-deprecate@1.0.2: {}

  util@0.12.5:
    dependencies:
      inherits: 2.0.4
      is-arguments: 1.2.0
      is-generator-function: 1.1.0
      is-typed-array: 1.1.15
      which-typed-array: 1.1.19

  uuid@9.0.1: {}

  valibot@0.36.0: {}

  web3-errors@1.3.1:
    dependencies:
      web3-types: 1.10.0

  web3-types@1.10.0: {}

  web3-utils@4.3.3:
    dependencies:
      ethereum-cryptography: 2.2.1
      eventemitter3: 5.0.1
      web3-errors: 1.3.1
      web3-types: 1.10.0
      web3-validator: 2.0.6

  web3-validator@2.0.6:
    dependencies:
      ethereum-cryptography: 2.2.1
      util: 0.12.5
      web3-errors: 1.3.1
      web3-types: 1.10.0
      zod: 3.24.3

  webextension-polyfill@0.10.0: {}

  webidl-conversions@3.0.1: {}

  whatwg-fetch@3.6.20: {}

  whatwg-url@5.0.0:
    dependencies:
      tr46: 0.0.3
      webidl-conversions: 3.0.1

  which-typed-array@1.1.19:
    dependencies:
      available-typed-arrays: 1.0.7
      call-bind: 1.0.8
      call-bound: 1.0.4
      for-each: 0.3.5
      get-proto: 1.0.1
      gopd: 1.2.0
      has-tostringtag: 1.0.2

  wrappy@1.0.2: {}

  ws@7.5.10(bufferutil@4.0.9)(utf-8-validate@5.0.10):
    optionalDependencies:
      bufferutil: 4.0.9
      utf-8-validate: 5.0.10

  ws@8.18.1(bufferutil@4.0.9)(utf-8-validate@5.0.10):
    optionalDependencies:
      bufferutil: 4.0.9
      utf-8-validate: 5.0.10

  zod@3.24.3: {}
